
Microsoft Visual Studio Solution File, Format Version 12.00
# Visual Studio Version 17
VisualStudioVersion = 17.11.35219.272
MinimumVisualStudioVersion = 10.0.40219.1
Project("{FAE04EC0-301F-11D3-BF4B-00C04F79EFBC}") = "CS-RateLimiting-SimpleExample", "CS-RateLimiting-SimpleExample\CS-RateLimiting-SimpleExample.csproj", "{BB6D1174-8D13-410A-A3EA-BF0F58C23C76}"
EndProject
Global
	GlobalSection(SolutionConfigurationPlatforms) = preSolution
		Debug|Any CPU = Debug|Any CPU
		Release|Any CPU = Release|Any CPU
	EndGlobalSection
	GlobalSection(ProjectConfigurationPlatforms) = postSolution
		{BB6D1174-8D13-410A-A3EA-BF0F58C23C76}.Debug|Any CPU.ActiveCfg = Debug|Any CPU
		{BB6D1174-8D13-410A-A3EA-BF0F58C23C76}.Debug|Any CPU.Build.0 = Debug|Any CPU
		{BB6D1174-8D13-410A-A3EA-BF0F58C23C76}.Release|Any CPU.ActiveCfg = Release|Any CPU
		{BB6D1174-8D13-410A-A3EA-BF0F58C23C76}.Release|Any CPU.Build.0 = Release|Any CPU
	EndGlobalSection
	GlobalSection(SolutionProperties) = preSolution
		HideSolutionNode = FALSE
	EndGlobalSection
	GlobalSection(ExtensibilityGlobals) = postSolution
		SolutionGuid = {860D53FE-1507-44E2-8B6D-E47E95D0F3CF}
	EndGlobalSection
EndGlobal
